// !$*UTF8*$!
{
	archiveVersion = 1;
	classes = {
	};
	objectVersion = 56;
	objects = {

/* Begin PBXBuildFile section */
		3A2079D61C4C7EA170A313D0 /* Pods_SaveNumber.framework in Frameworks */ = {isa = PBXBuildFile; fileRef = 41310E27A6DCB955EFA2FD4D /* Pods_SaveNumber.framework */; };
		B59F90312BF24B9600ABD9B9 /* AppDelegate.swift in Sources */ = {isa = PBXBuildFile; fileRef = B59F90302BF24B9600ABD9B9 /* AppDelegate.swift */; };
		B59F90332BF24B9600ABD9B9 /* SceneDelegate.swift in Sources */ = {isa = PBXBuildFile; fileRef = B59F90322BF24B9600ABD9B9 /* SceneDelegate.swift */; };
		B59F90352BF24B9600ABD9B9 /* ViewController.swift in Sources */ = {isa = PBXBuildFile; fileRef = B59F90342BF24B9600ABD9B9 /* ViewController.swift */; };
		B59F90382BF24B9600ABD9B9 /* Base in Resources */ = {isa = PBXBuildFile; fileRef = B59F90372BF24B9600ABD9B9 /* Base */; };
		B59F903A2BF24B9700ABD9B9 /* Assets.xcassets in Resources */ = {isa = PBXBuildFile; fileRef = B59F90392BF24B9700ABD9B9 /* Assets.xcassets */; };
		B59F903D2BF24B9700ABD9B9 /* Base in Resources */ = {isa = PBXBuildFile; fileRef = B59F903C2BF24B9700ABD9B9 /* Base */; };
		B59F90532BF33A0000ABD9B9 /* AccessTokenResponse.swift in Sources */ = {isa = PBXBuildFile; fileRef = B59F90522BF33A0000ABD9B9 /* AccessTokenResponse.swift */; };
		B59F90552BF33A1700ABD9B9 /* User.swift in Sources */ = {isa = PBXBuildFile; fileRef = B59F90542BF33A1700ABD9B9 /* User.swift */; };
		B59F90582BF33AF200ABD9B9 /* AppError.swift in Sources */ = {isa = PBXBuildFile; fileRef = B59F90572BF33AF200ABD9B9 /* AppError.swift */; };
		B59F905A2BF33B0400ABD9B9 /* Moya+Extension.swift in Sources */ = {isa = PBXBuildFile; fileRef = B59F90592BF33B0400ABD9B9 /* Moya+Extension.swift */; };
		B59F905C2BF33B1500ABD9B9 /* Client.swift in Sources */ = {isa = PBXBuildFile; fileRef = B59F905B2BF33B1500ABD9B9 /* Client.swift */; };
		B59F905E2BF33B1B00ABD9B9 /* APIEndpoint.swift in Sources */ = {isa = PBXBuildFile; fileRef = B59F905D2BF33B1B00ABD9B9 /* APIEndpoint.swift */; };
		B59F906A2BF33E8B00ABD9B9 /* Constant.swift in Sources */ = {isa = PBXBuildFile; fileRef = B59F90692BF33E8B00ABD9B9 /* Constant.swift */; };
/* End PBXBuildFile section */

/* Begin PBXFileReference section */
		046170AF207D899F638FC729 /* Pods-SaveNumber.debug.xcconfig */ = {isa = PBXFileReference; includeInIndex = 1; lastKnownFileType = text.xcconfig; name = "Pods-SaveNumber.debug.xcconfig"; path = "Target Support Files/Pods-SaveNumber/Pods-SaveNumber.debug.xcconfig"; sourceTree = "<group>"; };
		06BF115DA23EEBC887C073D6 /* Pods-SaveNumber.release.xcconfig */ = {isa = PBXFileReference; includeInIndex = 1; lastKnownFileType = text.xcconfig; name = "Pods-SaveNumber.release.xcconfig"; path = "Target Support Files/Pods-SaveNumber/Pods-SaveNumber.release.xcconfig"; sourceTree = "<group>"; };
		41310E27A6DCB955EFA2FD4D /* Pods_SaveNumber.framework */ = {isa = PBXFileReference; explicitFileType = wrapper.framework; includeInIndex = 0; path = Pods_SaveNumber.framework; sourceTree = BUILT_PRODUCTS_DIR; };
		B59F902D2BF24B9600ABD9B9 /* SaveNumber.app */ = {isa = PBXFileReference; explicitFileType = wrapper.application; includeInIndex = 0; path = SaveNumber.app; sourceTree = BUILT_PRODUCTS_DIR; };
		B59F90302BF24B9600ABD9B9 /* AppDelegate.swift */ = {isa = PBXFileReference; lastKnownFileType = sourcecode.swift; path = AppDelegate.swift; sourceTree = "<group>"; };
		B59F90322BF24B9600ABD9B9 /* SceneDelegate.swift */ = {isa = PBXFileReference; lastKnownFileType = sourcecode.swift; path = SceneDelegate.swift; sourceTree = "<group>"; };
		B59F90342BF24B9600ABD9B9 /* ViewController.swift */ = {isa = PBXFileReference; lastKnownFileType = sourcecode.swift; path = ViewController.swift; sourceTree = "<group>"; };
		B59F90372BF24B9600ABD9B9 /* Base */ = {isa = PBXFileReference; lastKnownFileType = file.storyboard; name = Base; path = Base.lproj/Main.storyboard; sourceTree = "<group>"; };
		B59F90392BF24B9700ABD9B9 /* Assets.xcassets */ = {isa = PBXFileReference; lastKnownFileType = folder.assetcatalog; path = Assets.xcassets; sourceTree = "<group>"; };
		B59F903C2BF24B9700ABD9B9 /* Base */ = {isa = PBXFileReference; lastKnownFileType = file.storyboard; name = Base; path = Base.lproj/LaunchScreen.storyboard; sourceTree = "<group>"; };
		B59F903E2BF24B9700ABD9B9 /* Info.plist */ = {isa = PBXFileReference; lastKnownFileType = text.plist.xml; path = Info.plist; sourceTree = "<group>"; };
		B59F90522BF33A0000ABD9B9 /* AccessTokenResponse.swift */ = {isa = PBXFileReference; lastKnownFileType = sourcecode.swift; path = AccessTokenResponse.swift; sourceTree = "<group>"; };
		B59F90542BF33A1700ABD9B9 /* User.swift */ = {isa = PBXFileReference; lastKnownFileType = sourcecode.swift; path = User.swift; sourceTree = "<group>"; };
		B59F90572BF33AF200ABD9B9 /* AppError.swift */ = {isa = PBXFileReference; lastKnownFileType = sourcecode.swift; path = AppError.swift; sourceTree = "<group>"; };
		B59F90592BF33B0400ABD9B9 /* Moya+Extension.swift */ = {isa = PBXFileReference; lastKnownFileType = sourcecode.swift; path = "Moya+Extension.swift"; sourceTree = "<group>"; };
		B59F905B2BF33B1500ABD9B9 /* Client.swift */ = {isa = PBXFileReference; lastKnownFileType = sourcecode.swift; path = Client.swift; sourceTree = "<group>"; };
		B59F905D2BF33B1B00ABD9B9 /* APIEndpoint.swift */ = {isa = PBXFileReference; lastKnownFileType = sourcecode.swift; path = APIEndpoint.swift; sourceTree = "<group>"; };
		B59F90692BF33E8B00ABD9B9 /* Constant.swift */ = {isa = PBXFileReference; lastKnownFileType = sourcecode.swift; path = Constant.swift; sourceTree = "<group>"; };
/* End PBXFileReference section */

/* Begin PBXFrameworksBuildPhase section */
		B59F902A2BF24B9600ABD9B9 /* Frameworks */ = {
			isa = PBXFrameworksBuildPhase;
			buildActionMask = 2147483647;
			files = (
				3A2079D61C4C7EA170A313D0 /* Pods_SaveNumber.framework in Frameworks */,
			);
			runOnlyForDeploymentPostprocessing = 0;
		};
/* End PBXFrameworksBuildPhase section */

/* Begin PBXGroup section */
		B59F90242BF24B9600ABD9B9 = {
			isa = PBXGroup;
			children = (
				B59F902F2BF24B9600ABD9B9 /* SaveNumber */,
				B59F902E2BF24B9600ABD9B9 /* Products */,
				B59F905F2BF33B2B00ABD9B9 /* Frameworks */,
				B9B834924EA85DA8DCE37E8F /* Pods */,
			);
			sourceTree = "<group>";
		};
		B59F902E2BF24B9600ABD9B9 /* Products */ = {
			isa = PBXGroup;
			children = (
				B59F902D2BF24B9600ABD9B9 /* SaveNumber.app */,
			);
			name = Products;
			sourceTree = "<group>";
		};
		B59F902F2BF24B9600ABD9B9 /* SaveNumber */ = {
			isa = PBXGroup;
			children = (
				B59F90562BF33AE900ABD9B9 /* Common */,
				B59F90512BF339DF00ABD9B9 /* Network */,
				B59F90502BF339D800ABD9B9 /* Model */,
				B59F90302BF24B9600ABD9B9 /* AppDelegate.swift */,
				B59F90322BF24B9600ABD9B9 /* SceneDelegate.swift */,
				B59F90342BF24B9600ABD9B9 /* ViewController.swift */,
				B59F90362BF24B9600ABD9B9 /* Main.storyboard */,
				B59F90392BF24B9700ABD9B9 /* Assets.xcassets */,
				B59F903B2BF24B9700ABD9B9 /* LaunchScreen.storyboard */,
				B59F903E2BF24B9700ABD9B9 /* Info.plist */,
			);
			path = SaveNumber;
			sourceTree = "<group>";
		};
		B59F90502BF339D800ABD9B9 /* Model */ = {
			isa = PBXGroup;
			children = (
				B59F90522BF33A0000ABD9B9 /* AccessTokenResponse.swift */,
				B59F90542BF33A1700ABD9B9 /* User.swift */,
			);
			path = Model;
			sourceTree = "<group>";
		};
		B59F90512BF339DF00ABD9B9 /* Network */ = {
			isa = PBXGroup;
			children = (
				B59F905B2BF33B1500ABD9B9 /* Client.swift */,
				B59F905D2BF33B1B00ABD9B9 /* APIEndpoint.swift */,
			);
			path = Network;
			sourceTree = "<group>";
		};
		B59F90562BF33AE900ABD9B9 /* Common */ = {
			isa = PBXGroup;
			children = (
				B59F90572BF33AF200ABD9B9 /* AppError.swift */,
				B59F90592BF33B0400ABD9B9 /* Moya+Extension.swift */,
				B59F90692BF33E8B00ABD9B9 /* Constant.swift */,
			);
			path = Common;
			sourceTree = "<group>";
		};
		B59F905F2BF33B2B00ABD9B9 /* Frameworks */ = {
			isa = PBXGroup;
			children = (
				41310E27A6DCB955EFA2FD4D /* Pods_SaveNumber.framework */,
			);
			name = Frameworks;
			sourceTree = "<group>";
		};
		B9B834924EA85DA8DCE37E8F /* Pods */ = {
			isa = PBXGroup;
			children = (
				046170AF207D899F638FC729 /* Pods-SaveNumber.debug.xcconfig */,
				06BF115DA23EEBC887C073D6 /* Pods-SaveNumber.release.xcconfig */,
			);
			path = Pods;
			sourceTree = "<group>";
		};
/* End PBXGroup section */

/* Begin PBXNativeTarget section */
		B59F902C2BF24B9600ABD9B9 /* SaveNumber */ = {
			isa = PBXNativeTarget;
			buildConfigurationList = B59F90412BF24B9700ABD9B9 /* Build configuration list for PBXNativeTarget "SaveNumber" */;
			buildPhases = (
				CF725B75B2752F449C4C64FD /* [CP] Check Pods Manifest.lock */,
				B59F90292BF24B9600ABD9B9 /* Sources */,
				B59F902A2BF24B9600ABD9B9 /* Frameworks */,
				B59F902B2BF24B9600ABD9B9 /* Resources */,
				B0867CB09534E72EFBDEB42C /* [CP] Embed Pods Frameworks */,
			);
			buildRules = (
			);
			dependencies = (
			);
			name = SaveNumber;
			productName = SaveNumber;
			productReference = B59F902D2BF24B9600ABD9B9 /* SaveNumber.app */;
			productType = "com.apple.product-type.application";
		};
/* End PBXNativeTarget section */

/* Begin PBXProject section */
		B59F90252BF24B9600ABD9B9 /* Project object */ = {
			isa = PBXProject;
			attributes = {
				BuildIndependentTargetsInParallel = 1;
				LastSwiftUpdateCheck = 1530;
				LastUpgradeCheck = 1530;
				TargetAttributes = {
					B59F902C2BF24B9600ABD9B9 = {
						CreatedOnToolsVersion = 15.3;
					};
				};
			};
			buildConfigurationList = B59F90282BF24B9600ABD9B9 /* Build configuration list for PBXProject "SaveNumber" */;
			compatibilityVersion = "Xcode 14.0";
			developmentRegion = en;
			hasScannedForEncodings = 0;
			knownRegions = (
				en,
				Base,
			);
			mainGroup = B59F90242BF24B9600ABD9B9;
			productRefGroup = B59F902E2BF24B9600ABD9B9 /* Products */;
			projectDirPath = "";
			projectRoot = "";
			targets = (
				B59F902C2BF24B9600ABD9B9 /* SaveNumber */,
			);
		};
/* End PBXProject section */

/* Begin PBXResourcesBuildPhase section */
		B59F902B2BF24B9600ABD9B9 /* Resources */ = {
			isa = PBXResourcesBuildPhase;
			buildActionMask = 2147483647;
			files = (
				B59F903A2BF24B9700ABD9B9 /* Assets.xcassets in Resources */,
				B59F903D2BF24B9700ABD9B9 /* Base in Resources */,
				B59F90382BF24B9600ABD9B9 /* Base in Resources */,
			);
			runOnlyForDeploymentPostprocessing = 0;
		};
/* End PBXResourcesBuildPhase section */

/* Begin PBXShellScriptBuildPhase section */
		B0867CB09534E72EFBDEB42C /* [CP] Embed Pods Frameworks */ = {
			isa = PBXShellScriptBuildPhase;
			buildActionMask = 2147483647;
			files = (
			);
			inputFileListPaths = (
				"${PODS_ROOT}/Target Support Files/Pods-SaveNumber/Pods-SaveNumber-frameworks-${CONFIGURATION}-input-files.xcfilelist",
			);
			name = "[CP] Embed Pods Frameworks";
			outputFileListPaths = (
				"${PODS_ROOT}/Target Support Files/Pods-SaveNumber/Pods-SaveNumber-frameworks-${CONFIGURATION}-output-files.xcfilelist",
			);
			runOnlyForDeploymentPostprocessing = 0;
			shellPath = /bin/sh;
			shellScript = "\"${PODS_ROOT}/Target Support Files/Pods-SaveNumber/Pods-SaveNumber-frameworks.sh\"\n";
			showEnvVarsInLog = 0;
		};
		CF725B75B2752F449C4C64FD /* [CP] Check Pods Manifest.lock */ = {
			isa = PBXShellScriptBuildPhase;
			buildActionMask = 2147483647;
			files = (
			);
			inputFileListPaths = (
			);
			inputPaths = (
				"${PODS_PODFILE_DIR_PATH}/Podfile.lock",
				"${PODS_ROOT}/Manifest.lock",
			);
			name = "[CP] Check Pods Manifest.lock";
			outputFileListPaths = (
			);
			outputPaths = (
				"$(DERIVED_FILE_DIR)/Pods-SaveNumber-checkManifestLockResult.txt",
			);
			runOnlyForDeploymentPostprocessing = 0;
			shellPath = /bin/sh;
			shellScript = "diff \"${PODS_PODFILE_DIR_PATH}/Podfile.lock\" \"${PODS_ROOT}/Manifest.lock\" > /dev/null\nif [ $? != 0 ] ; then\n    # print error to STDERR\n    echo \"error: The sandbox is not in sync with the Podfile.lock. Run 'pod install' or update your CocoaPods installation.\" >&2\n    exit 1\nfi\n# This output is used by Xcode 'outputs' to avoid re-running this script phase.\necho \"SUCCESS\" > \"${SCRIPT_OUTPUT_FILE_0}\"\n";
			showEnvVarsInLog = 0;
		};
/* End PBXShellScriptBuildPhase section */

/* Begin PBXSourcesBuildPhase section */
		B59F90292BF24B9600ABD9B9 /* Sources */ = {
			isa = PBXSourcesBuildPhase;
			buildActionMask = 2147483647;
			files = (
				B59F90352BF24B9600ABD9B9 /* ViewController.swift in Sources */,
				B59F905E2BF33B1B00ABD9B9 /* APIEndpoint.swift in Sources */,
				B59F90312BF24B9600ABD9B9 /* AppDelegate.swift in Sources */,
				B59F905A2BF33B0400ABD9B9 /* Moya+Extension.swift in Sources */,
				B59F90582BF33AF200ABD9B9 /* AppError.swift in Sources */,
				B59F90532BF33A0000ABD9B9 /* AccessTokenResponse.swift in Sources */,
				B59F90552BF33A1700ABD9B9 /* User.swift in Sources */,
				B59F906A2BF33E8B00ABD9B9 /* Constant.swift in Sources */,
				B59F905C2BF33B1500ABD9B9 /* Client.swift in Sources */,
				B59F90332BF24B9600ABD9B9 /* SceneDelegate.swift in Sources */,
			);
			runOnlyForDeploymentPostprocessing = 0;
		};
/* End PBXSourcesBuildPhase section */

/* Begin PBXVariantGroup section */
		B59F90362BF24B9600ABD9B9 /* Main.storyboard */ = {
			isa = PBXVariantGroup;
			children = (
				B59F90372BF24B9600ABD9B9 /* Base */,
			);
			name = Main.storyboard;
			sourceTree = "<group>";
		};
		B59F903B2BF24B9700ABD9B9 /* LaunchScreen.storyboard */ = {
			isa = PBXVariantGroup;
			children = (
				B59F903C2BF24B9700ABD9B9 /* Base */,
			);
			name = LaunchScreen.storyboard;
			sourceTree = "<group>";
		};
/* End PBXVariantGroup section */

/* Begin XCBuildConfiguration section */
		B59F903F2BF24B9700ABD9B9 /* Debug */ = {
			isa = XCBuildConfiguration;
			buildSettings = {
				ALWAYS_SEARCH_USER_PATHS = NO;
				ASSETCATALOG_COMPILER_GENERATE_SWIFT_ASSET_SYMBOL_EXTENSIONS = YES;
				CLANG_ANALYZER_NONNULL = YES;
				CLANG_ANALYZER_NUMBER_OBJECT_CONVERSION = YES_AGGRESSIVE;
				CLANG_CXX_LANGUAGE_STANDARD = "gnu++20";
				CLANG_ENABLE_MODULES = YES;
				CLANG_ENABLE_OBJC_ARC = YES;
				CLANG_ENABLE_OBJC_WEAK = YES;
				CLANG_WARN_BLOCK_CAPTURE_AUTORELEASING = YES;
				CLANG_WARN_BOOL_CONVERSION = YES;
				CLANG_WARN_COMMA = YES;
				CLANG_WARN_CONSTANT_CONVERSION = YES;
				CLANG_WARN_DEPRECATED_OBJC_IMPLEMENTATIONS = YES;
				CLANG_WARN_DIRECT_OBJC_ISA_USAGE = YES_ERROR;
				CLANG_WARN_DOCUMENTATION_COMMENTS = YES;
				CLANG_WARN_EMPTY_BODY = YES;
				CLANG_WARN_ENUM_CONVERSION = YES;
				CLANG_WARN_INFINITE_RECURSION = YES;
				CLANG_WARN_INT_CONVERSION = YES;
				CLANG_WARN_NON_LITERAL_NULL_CONVERSION = YES;
				CLANG_WARN_OBJC_IMPLICIT_RETAIN_SELF = YES;
				CLANG_WARN_OBJC_LITERAL_CONVERSION = YES;
				CLANG_WARN_OBJC_ROOT_CLASS = YES_ERROR;
				CLANG_WARN_QUOTED_INCLUDE_IN_FRAMEWORK_HEADER = YES;
				CLANG_WARN_RANGE_LOOP_ANALYSIS = YES;
				CLANG_WARN_STRICT_PROTOTYPES = YES;
				CLANG_WARN_SUSPICIOUS_MOVE = YES;
				CLANG_WARN_UNGUARDED_AVAILABILITY = YES_AGGRESSIVE;
				CLANG_WARN_UNREACHABLE_CODE = YES;
				CLANG_WARN__DUPLICATE_METHOD_MATCH = YES;
				COPY_PHASE_STRIP = NO;
				DEBUG_INFORMATION_FORMAT = dwarf;
				ENABLE_STRICT_OBJC_MSGSEND = YES;
				ENABLE_TESTABILITY = YES;
				ENABLE_USER_SCRIPT_SANDBOXING = YES;
				GCC_C_LANGUAGE_STANDARD = gnu17;
				GCC_DYNAMIC_NO_PIC = NO;
				GCC_NO_COMMON_BLOCKS = YES;
				GCC_OPTIMIZATION_LEVEL = 0;
				GCC_PREPROCESSOR_DEFINITIONS = (
					"DEBUG=1",
					"$(inherited)",
				);
				GCC_WARN_64_TO_32_BIT_CONVERSION = YES;
				GCC_WARN_ABOUT_RETURN_TYPE = YES_ERROR;
				GCC_WARN_UNDECLARED_SELECTOR = YES;
				GCC_WARN_UNINITIALIZED_AUTOS = YES_AGGRESSIVE;
				GCC_WARN_UNUSED_FUNCTION = YES;
				GCC_WARN_UNUSED_VARIABLE = YES;
				IPHONEOS_DEPLOYMENT_TARGET = 16.0;
				LOCALIZATION_PREFERS_STRING_CATALOGS = YES;
				MTL_ENABLE_DEBUG_INFO = INCLUDE_SOURCE;
				MTL_FAST_MATH = YES;
				ONLY_ACTIVE_ARCH = YES;
				SDKROOT = iphoneos;
				SWIFT_ACTIVE_COMPILATION_CONDITIONS = "DEBUG $(inherited)";
				SWIFT_OPTIMIZATION_LEVEL = "-Onone";
			};
			name = Debug;
		};
		B59F90402BF24B9700ABD9B9 /* Release */ = {
			isa = XCBuildConfiguration;
			buildSettings = {
				ALWAYS_SEARCH_USER_PATHS = NO;
				ASSETCATALOG_COMPILER_GENERATE_SWIFT_ASSET_SYMBOL_EXTENSIONS = YES;
				CLANG_ANALYZER_NONNULL = YES;
				CLANG_ANALYZER_NUMBER_OBJECT_CONVERSION = YES_AGGRESSIVE;
				CLANG_CXX_LANGUAGE_STANDARD = "gnu++20";
				CLANG_ENABLE_MODULES = YES;
				CLANG_ENABLE_OBJC_ARC = YES;
				CLANG_ENABLE_OBJC_WEAK = YES;
				CLANG_WARN_BLOCK_CAPTURE_AUTORELEASING = YES;
				CLANG_WARN_BOOL_CONVERSION = YES;
				CLANG_WARN_COMMA = YES;
				CLANG_WARN_CONSTANT_CONVERSION = YES;
				CLANG_WARN_DEPRECATED_OBJC_IMPLEMENTATIONS = YES;
				CLANG_WARN_DIRECT_OBJC_ISA_USAGE = YES_ERROR;
				CLANG_WARN_DOCUMENTATION_COMMENTS = YES;
				CLANG_WARN_EMPTY_BODY = YES;
				CLANG_WARN_ENUM_CONVERSION = YES;
				CLANG_WARN_INFINITE_RECURSION = YES;
				CLANG_WARN_INT_CONVERSION = YES;
				CLANG_WARN_NON_LITERAL_NULL_CONVERSION = YES;
				CLANG_WARN_OBJC_IMPLICIT_RETAIN_SELF = YES;
				CLANG_WARN_OBJC_LITERAL_CONVERSION = YES;
				CLANG_WARN_OBJC_ROOT_CLASS = YES_ERROR;
				CLANG_WARN_QUOTED_INCLUDE_IN_FRAMEWORK_HEADER = YES;
				CLANG_WARN_RANGE_LOOP_ANALYSIS = YES;
				CLANG_WARN_STRICT_PROTOTYPES = YES;
				CLANG_WARN_SUSPICIOUS_MOVE = YES;
				CLANG_WARN_UNGUARDED_AVAILABILITY = YES_AGGRESSIVE;
				CLANG_WARN_UNREACHABLE_CODE = YES;
				CLANG_WARN__DUPLICATE_METHOD_MATCH = YES;
				COPY_PHASE_STRIP = NO;
				DEBUG_INFORMATION_FORMAT = "dwarf-with-dsym";
				ENABLE_NS_ASSERTIONS = NO;
				ENABLE_STRICT_OBJC_MSGSEND = YES;
				ENABLE_USER_SCRIPT_SANDBOXING = YES;
				GCC_C_LANGUAGE_STANDARD = gnu17;
				GCC_NO_COMMON_BLOCKS = YES;
				GCC_WARN_64_TO_32_BIT_CONVERSION = YES;
				GCC_WARN_ABOUT_RETURN_TYPE = YES_ERROR;
				GCC_WARN_UNDECLARED_SELECTOR = YES;
				GCC_WARN_UNINITIALIZED_AUTOS = YES_AGGRESSIVE;
				GCC_WARN_UNUSED_FUNCTION = YES;
				GCC_WARN_UNUSED_VARIABLE = YES;
				IPHONEOS_DEPLOYMENT_TARGET = 16.0;
				LOCALIZATION_PREFERS_STRING_CATALOGS = YES;
				MTL_ENABLE_DEBUG_INFO = NO;
				MTL_FAST_MATH = YES;
				SDKROOT = iphoneos;
				SWIFT_COMPILATION_MODE = wholemodule;
				VALIDATE_PRODUCT = YES;
			};
			name = Release;
		};
		B59F90422BF24B9700ABD9B9 /* Debug */ = {
			isa = XCBuildConfiguration;
			baseConfigurationReference = 046170AF207D899F638FC729 /* Pods-SaveNumber.debug.xcconfig */;
			buildSettings = {
				ASSETCATALOG_COMPILER_APPICON_NAME = AppIcon;
				ASSETCATALOG_COMPILER_GLOBAL_ACCENT_COLOR_NAME = AccentColor;
				CODE_SIGN_STYLE = Automatic;
				CURRENT_PROJECT_VERSION = 1;
				DEVELOPMENT_TEAM = T9Y24J4DJY;
				ENABLE_USER_SCRIPT_SANDBOXING = NO;
				GENERATE_INFOPLIST_FILE = YES;
				INFOPLIST_FILE = SaveNumber/Info.plist;
				INFOPLIST_KEY_UIApplicationSupportsIndirectInputEvents = YES;
				INFOPLIST_KEY_UILaunchStoryboardName = LaunchScreen;
				INFOPLIST_KEY_UIMainStoryboardFile = Main;
				INFOPLIST_KEY_UISupportedInterfaceOrientations_iPad = "UIInterfaceOrientationPortrait UIInterfaceOrientationPortraitUpsideDown UIInterfaceOrientationLandscapeLeft UIInterfaceOrientationLandscapeRight";
				INFOPLIST_KEY_UISupportedInterfaceOrientations_iPhone = "UIInterfaceOrientationPortrait UIInterfaceOrientationLandscapeLeft UIInterfaceOrientationLandscapeRight";
				IPHONEOS_DEPLOYMENT_TARGET = 16.0;
				LD_RUNPATH_SEARCH_PATHS = (
					"$(inherited)",
					"@executable_path/Frameworks",
				);
				MARKETING_VERSION = 1.0;
				PRODUCT_BUNDLE_IDENTIFIER = com.iBenjamin.SaveNumber;
				PRODUCT_NAME = "$(TARGET_NAME)";
				SWIFT_EMIT_LOC_STRINGS = YES;
				SWIFT_VERSION = 5.0;
				TARGETED_DEVICE_FAMILY = "1,2";
			};
			name = Debug;
		};
		B59F90432BF24B9700ABD9B9 /* Release */ = {
			isa = XCBuildConfiguration;
			baseConfigurationReference = 06BF115DA23EEBC887C073D6 /* Pods-SaveNumber.release.xcconfig */;
			buildSettings = {
				ASSETCATALOG_COMPILER_APPICON_NAME = AppIcon;
				ASSETCATALOG_COMPILER_GLOBAL_ACCENT_COLOR_NAME = AccentColor;
				CODE_SIGN_STYLE = Automatic;
				CURRENT_PROJECT_VERSION = 1;
				DEVELOPMENT_TEAM = T9Y24J4DJY;
				ENABLE_USER_SCRIPT_SANDBOXING = NO;
				GENERATE_INFOPLIST_FILE = YES;
				INFOPLIST_FILE = SaveNumber/Info.plist;
				INFOPLIST_KEY_UIApplicationSupportsIndirectInputEvents = YES;
				INFOPLIST_KEY_UILaunchStoryboardName = LaunchScreen;
				INFOPLIST_KEY_UIMainStoryboardFile = Main;
				INFOPLIST_KEY_UISupportedInterfaceOrientations_iPad = "UIInterfaceOrientationPortrait UIInterfaceOrientationPortraitUpsideDown UIInterfaceOrientationLandscapeLeft UIInterfaceOrientationLandscapeRight";
				INFOPLIST_KEY_UISupportedInterfaceOrientations_iPhone = "UIInterfaceOrientationPortrait UIInterfaceOrientationLandscapeLeft UIInterfaceOrientationLandscapeRight";
				IPHONEOS_DEPLOYMENT_TARGET = 16.0;
				LD_RUNPATH_SEARCH_PATHS = (
					"$(inherited)",
					"@executable_path/Frameworks",
				);
				MARKETING_VERSION = 1.0;
				PRODUCT_BUNDLE_IDENTIFIER = com.iBenjamin.SaveNumber;
				PRODUCT_NAME = "$(TARGET_NAME)";
				SWIFT_EMIT_LOC_STRINGS = YES;
				SWIFT_VERSION = 5.0;
				TARGETED_DEVICE_FAMILY = "1,2";
			};
			name = Release;
		};
/* End XCBuildConfiguration section */

/* Begin XCConfigurationList section */
		B59F90282BF24B9600ABD9B9 /* Build configuration list for PBXProject "SaveNumber" */ = {
			isa = XCConfigurationList;
			buildConfigurations = (
				B59F903F2BF24B9700ABD9B9 /* Debug */,
				B59F90402BF24B9700ABD9B9 /* Release */,
			);
			defaultConfigurationIsVisible = 0;
			defaultConfigurationName = Release;
		};
		B59F90412BF24B9700ABD9B9 /* Build configuration list for PBXNativeTarget "SaveNumber" */ = {
			isa = XCConfigurationList;
			buildConfigurations = (
				B59F90422BF24B9700ABD9B9 /* Debug */,
				B59F90432BF24B9700ABD9B9 /* Release */,
			);
			defaultConfigurationIsVisible = 0;
			defaultConfigurationName = Release;
		};
/* End XCConfigurationList section */
	};
	rootObject = B59F90252BF24B9600ABD9B9 /* Project object */;
}
